
Microsoft Visual Studio Solution File, Format Version 12.00
# Visual Studio Version 17
VisualStudioVersion = 17.0.31903.59
MinimumVisualStudioVersion = 10.0.40219.1
Project("{2150E333-8FDC-42A3-9474-1A3956D46DE8}") = "src", "src", "{C2912B0F-34EA-44EC-9D72-4D088BB733C4}"
EndProject
Project("{FAE04EC0-301F-11D3-BF4B-00C04F79EFBC}") = "HCI.AIAssistant.API", "src\HCI.AIAssistant.API\HCI.AIAssistant.API.csproj", "{561EFCEC-1757-4E78-97DF-21F684C957C0}"
EndProject
Global
	GlobalSection(SolutionConfigurationPlatforms) = preSolution
		Debug|Any CPU = Debug|Any CPU
		Release|Any CPU = Release|Any CPU
	EndGlobalSection
	GlobalSection(SolutionProperties) = preSolution
		HideSolutionNode = FALSE
	EndGlobalSection
	GlobalSection(ProjectConfigurationPlatforms) = postSolution
		{561EFCEC-1757-4E78-97DF-21F684C957C0}.Debug|Any CPU.ActiveCfg = Debug|Any CPU
		{561EFCEC-1757-4E78-97DF-21F684C957C0}.Debug|Any CPU.Build.0 = Debug|Any CPU
		{561EFCEC-1757-4E78-97DF-21F684C957C0}.Release|Any CPU.ActiveCfg = Release|Any CPU
		{561EFCEC-1757-4E78-97DF-21F684C957C0}.Release|Any CPU.Build.0 = Release|Any CPU
	EndGlobalSection
	GlobalSection(NestedProjects) = preSolution
		{561EFCEC-1757-4E78-97DF-21F684C957C0} = {C2912B0F-34EA-44EC-9D72-4D088BB733C4}
	EndGlobalSection
EndGlobal
